
Microsoft Visual Studio Solution File, Format Version 12.00
# Visual Studio Version 17
VisualStudioVersion = 17.7.34221.43
MinimumVisualStudioVersion = 10.0.40219.1
Project("{9A19103F-16F7-4668-BE54-9A1E7A4F7556}") = "SCTSMA.PORTAL.WEB", "SCTSMA.PORTAL.WEB\SCTSMA.PORTAL.WEB.csproj", "{D44EBE91-8868-4ED3-A104-51D9D387F038}"
EndProject
Project("{9A19103F-16F7-4668-BE54-9A1E7A4F7556}") = "SCTSMA.PORTAL.APPLICATION", "SCTSMA.PORTAL.APPLICATION\SCTSMA.PORTAL.APPLICATION.csproj", "{438D9480-3C79-4F43-9C01-0772B34376CF}"
EndProject
Project("{9A19103F-16F7-4668-BE54-9A1E7A4F7556}") = "SCTSMA.PORTAL.CONFIG", "SCTSMA.PORTAL.CONFIG\SCTSMA.PORTAL.CONFIG.csproj", "{F79B60B0-6404-4619-BB66-8BE488C9823D}"
EndProject
Project("{9A19103F-16F7-4668-BE54-9A1E7A4F7556}") = "SCTSMA.PORTAL.DOMAIN", "SCTSMA.PORTAL.DOMAIN\SCTSMA.PORTAL.DOMAIN.csproj", "{6E3CFB99-846A-4EB0-A000-198ED87E7E15}"
EndProject
Project("{9A19103F-16F7-4668-BE54-9A1E7A4F7556}") = "SCTSMA.PORTAL.INFRASTRUCTURE", "SCTSMA.PORTAL.INFRASTRUCTURE\SCTSMA.PORTAL.INFRASTRUCTURE.csproj", "{1440372D-D395-4923-8259-9FC04A769753}"
EndProject
Project("{9A19103F-16F7-4668-BE54-9A1E7A4F7556}") = "SCTSMA.PORTAL.SERVICES", "SCTSMA.PORTAL.SERVICES\SCTSMA.PORTAL.SERVICES.csproj", "{B50FDFBE-2AB3-48DB-8BD8-744233387696}"
EndProject
Project("{9A19103F-16F7-4668-BE54-9A1E7A4F7556}") = "SCTSMA.PORTAL.UTILS", "SCTSMA.PORTAL.UTILS\SCTSMA.PORTAL.UTILS.csproj", "{5B145994-0EF0-4450-8270-EA8395AC3A2C}"
EndProject
Global
	GlobalSection(SolutionConfigurationPlatforms) = preSolution
		Debug|Any CPU = Debug|Any CPU
		Release|Any CPU = Release|Any CPU
	EndGlobalSection
	GlobalSection(ProjectConfigurationPlatforms) = postSolution
		{D44EBE91-8868-4ED3-A104-51D9D387F038}.Debug|Any CPU.ActiveCfg = Debug|Any CPU
		{D44EBE91-8868-4ED3-A104-51D9D387F038}.Debug|Any CPU.Build.0 = Debug|Any CPU
		{D44EBE91-8868-4ED3-A104-51D9D387F038}.Release|Any CPU.ActiveCfg = Release|Any CPU
		{D44EBE91-8868-4ED3-A104-51D9D387F038}.Release|Any CPU.Build.0 = Release|Any CPU
		{438D9480-3C79-4F43-9C01-0772B34376CF}.Debug|Any CPU.ActiveCfg = Debug|Any CPU
		{438D9480-3C79-4F43-9C01-0772B34376CF}.Debug|Any CPU.Build.0 = Debug|Any CPU
		{438D9480-3C79-4F43-9C01-0772B34376CF}.Release|Any CPU.ActiveCfg = Release|Any CPU
		{438D9480-3C79-4F43-9C01-0772B34376CF}.Release|Any CPU.Build.0 = Release|Any CPU
		{F79B60B0-6404-4619-BB66-8BE488C9823D}.Debug|Any CPU.ActiveCfg = Debug|Any CPU
		{F79B60B0-6404-4619-BB66-8BE488C9823D}.Debug|Any CPU.Build.0 = Debug|Any CPU
		{F79B60B0-6404-4619-BB66-8BE488C9823D}.Release|Any CPU.ActiveCfg = Release|Any CPU
		{F79B60B0-6404-4619-BB66-8BE488C9823D}.Release|Any CPU.Build.0 = Release|Any CPU
		{6E3CFB99-846A-4EB0-A000-198ED87E7E15}.Debug|Any CPU.ActiveCfg = Debug|Any CPU
		{6E3CFB99-846A-4EB0-A000-198ED87E7E15}.Debug|Any CPU.Build.0 = Debug|Any CPU
		{6E3CFB99-846A-4EB0-A000-198ED87E7E15}.Release|Any CPU.ActiveCfg = Release|Any CPU
		{6E3CFB99-846A-4EB0-A000-198ED87E7E15}.Release|Any CPU.Build.0 = Release|Any CPU
		{1440372D-D395-4923-8259-9FC04A769753}.Debug|Any CPU.ActiveCfg = Debug|Any CPU
		{1440372D-D395-4923-8259-9FC04A769753}.Debug|Any CPU.Build.0 = Debug|Any CPU
		{1440372D-D395-4923-8259-9FC04A769753}.Release|Any CPU.ActiveCfg = Release|Any CPU
		{1440372D-D395-4923-8259-9FC04A769753}.Release|Any CPU.Build.0 = Release|Any CPU
		{B50FDFBE-2AB3-48DB-8BD8-744233387696}.Debug|Any CPU.ActiveCfg = Debug|Any CPU
		{B50FDFBE-2AB3-48DB-8BD8-744233387696}.Debug|Any CPU.Build.0 = Debug|Any CPU
		{B50FDFBE-2AB3-48DB-8BD8-744233387696}.Release|Any CPU.ActiveCfg = Release|Any CPU
		{B50FDFBE-2AB3-48DB-8BD8-744233387696}.Release|Any CPU.Build.0 = Release|Any CPU
		{5B145994-0EF0-4450-8270-EA8395AC3A2C}.Debug|Any CPU.ActiveCfg = Debug|Any CPU
		{5B145994-0EF0-4450-8270-EA8395AC3A2C}.Debug|Any CPU.Build.0 = Debug|Any CPU
		{5B145994-0EF0-4450-8270-EA8395AC3A2C}.Release|Any CPU.ActiveCfg = Release|Any CPU
		{5B145994-0EF0-4450-8270-EA8395AC3A2C}.Release|Any CPU.Build.0 = Release|Any CPU
	EndGlobalSection
	GlobalSection(SolutionProperties) = preSolution
		HideSolutionNode = FALSE
	EndGlobalSection
	GlobalSection(ExtensibilityGlobals) = postSolution
		SolutionGuid = {6EB2773C-6037-4D9E-BE81-FD0A5BF301B8}
	EndGlobalSection
EndGlobal
